
Microsoft Visual Studio Solution File, Format Version 12.00
# Visual Studio 15
VisualStudioVersion = 15.0.28307.329
MinimumVisualStudioVersion = 10.0.40219.1
Project("{FAE04EC0-301F-11D3-BF4B-00C04F79EFBC}") = "Task 1", "Task 1\Task 1.csproj", "{C9791623-D09A-421D-B6B4-F52C27B05090}"
EndProject
Project("{FAE04EC0-301F-11D3-BF4B-00C04F79EFBC}") = "Layer", "Layer\Layer.csproj", "{66F64208-7CF2-4D9D-A362-3EE4A65E3839}"
	ProjectSection(ProjectDependencies) = postProject
		{C9791623-D09A-421D-B6B4-F52C27B05090} = {C9791623-D09A-421D-B6B4-F52C27B05090}
	EndProjectSection
EndProject
Global
	GlobalSection(SolutionConfigurationPlatforms) = preSolution
		Debug|Any CPU = Debug|Any CPU
		Release|Any CPU = Release|Any CPU
	EndGlobalSection
	GlobalSection(ProjectConfigurationPlatforms) = postSolution
		{C9791623-D09A-421D-B6B4-F52C27B05090}.Debug|Any CPU.ActiveCfg = Debug|Any CPU
		{C9791623-D09A-421D-B6B4-F52C27B05090}.Debug|Any CPU.Build.0 = Debug|Any CPU
		{C9791623-D09A-421D-B6B4-F52C27B05090}.Release|Any CPU.ActiveCfg = Release|Any CPU
		{C9791623-D09A-421D-B6B4-F52C27B05090}.Release|Any CPU.Build.0 = Release|Any CPU
		{66F64208-7CF2-4D9D-A362-3EE4A65E3839}.Debug|Any CPU.ActiveCfg = Debug|Any CPU
		{66F64208-7CF2-4D9D-A362-3EE4A65E3839}.Debug|Any CPU.Build.0 = Debug|Any CPU
		{66F64208-7CF2-4D9D-A362-3EE4A65E3839}.Release|Any CPU.ActiveCfg = Release|Any CPU
		{66F64208-7CF2-4D9D-A362-3EE4A65E3839}.Release|Any CPU.Build.0 = Release|Any CPU
	EndGlobalSection
	GlobalSection(SolutionProperties) = preSolution
		HideSolutionNode = FALSE
	EndGlobalSection
	GlobalSection(ExtensibilityGlobals) = postSolution
		SolutionGuid = {6741522D-2F14-429E-AAD5-72509B450FC6}
	EndGlobalSection
EndGlobal
